// !$*UTF8*$!
{
	archiveVersion = 1;
	classes = {
	};
	objectVersion = 54;
	objects = {

/* Begin PBXBuildFile section */
		3524A6D48186DDBB13EB71D6 /* Pods_Kenteken_Scanner_Kenteken_ScannerUITests.framework in Frameworks */ = {isa = PBXBuildFile; fileRef = 091A7E6E2C611B930F9DFEBB /* Pods_Kenteken_Scanner_Kenteken_ScannerUITests.framework */; };
		744AEE6AFEFFF2F2280C16C6 /* Pods_Kenteken_ScannerTests.framework in Frameworks */ = {isa = PBXBuildFile; fileRef = 7DA15F59AF61C03555444160 /* Pods_Kenteken_ScannerTests.framework */; };
		782D826DA705E05295F4080B /* Pods_Kenteken_Scanner.framework in Frameworks */ = {isa = PBXBuildFile; fileRef = A4B91E2AE16768A0E10083C8 /* Pods_Kenteken_Scanner.framework */; };
		A93222422B511E5D00A2E4F4 /* AnalyticsManager.swift in Sources */ = {isa = PBXBuildFile; fileRef = A93222412B511E5D00A2E4F4 /* AnalyticsManager.swift */; };
		A93E03AB25FF97E90013F8FE /* AppDelegate.swift in Sources */ = {isa = PBXBuildFile; fileRef = A93E03AA25FF97E90013F8FE /* AppDelegate.swift */; };
		A93E03AD25FF97E90013F8FE /* SceneDelegate.swift in Sources */ = {isa = PBXBuildFile; fileRef = A93E03AC25FF97E90013F8FE /* SceneDelegate.swift */; };
		A93E03AF25FF97E90013F8FE /* ViewController.swift in Sources */ = {isa = PBXBuildFile; fileRef = A93E03AE25FF97E90013F8FE /* ViewController.swift */; };
		A93E03B225FF97E90013F8FE /* Main.storyboard in Resources */ = {isa = PBXBuildFile; fileRef = A93E03B025FF97E90013F8FE /* Main.storyboard */; };
		A93E03B425FF97E90013F8FE /* Assets.xcassets in Resources */ = {isa = PBXBuildFile; fileRef = A93E03B325FF97E90013F8FE /* Assets.xcassets */; };
		A93E03B725FF97E90013F8FE /* LaunchScreen.storyboard in Resources */ = {isa = PBXBuildFile; fileRef = A93E03B525FF97E90013F8FE /* LaunchScreen.storyboard */; };
		A94ABADC2B3C2A9100F959DB /* APIManager.swift in Sources */ = {isa = PBXBuildFile; fileRef = A94ABADB2B3C2A9100F959DB /* APIManager.swift */; };
		A94ABADE2B3C2AD000F959DB /* models.swift in Sources */ = {isa = PBXBuildFile; fileRef = A94ABADD2B3C2AD000F959DB /* models.swift */; };
		A94ABAE12B3C2D3900F959DB /* CustomBottomSheetViewController.swift in Sources */ = {isa = PBXBuildFile; fileRef = A94ABAE02B3C2D3900F959DB /* CustomBottomSheetViewController.swift */; };
		A957296828574EFA0097BAB5 /* ImagePicker.swift in Sources */ = {isa = PBXBuildFile; fileRef = A957296728574EFA0097BAB5 /* ImagePicker.swift */; };
		A957296A2857547D0097BAB5 /* ImageUploader.swift in Sources */ = {isa = PBXBuildFile; fileRef = A95729692857547D0097BAB5 /* ImageUploader.swift */; };
		A957296C285755310097BAB5 /* ResponseResult.swift in Sources */ = {isa = PBXBuildFile; fileRef = A957296B285755310097BAB5 /* ResponseResult.swift */; };
		A9621AB32608C1EB00A8DFE0 /* storageHelper.swift in Sources */ = {isa = PBXBuildFile; fileRef = A9621AB22608C1EB00A8DFE0 /* storageHelper.swift */; };
		A9621AB82608C1FA00A8DFE0 /* analyticsHelper.swift in Sources */ = {isa = PBXBuildFile; fileRef = A9621AB72608C1FA00A8DFE0 /* analyticsHelper.swift */; };
		A9621ABD2608C30E00A8DFE0 /* storageTypeEnum.swift in Sources */ = {isa = PBXBuildFile; fileRef = A9621ABC2608C30E00A8DFE0 /* storageTypeEnum.swift */; };
		A9621AC72608C8B300A8DFE0 /* kentekenFactory.swift in Sources */ = {isa = PBXBuildFile; fileRef = A9621AC62608C8B300A8DFE0 /* kentekenFactory.swift */; };
		A9621ACC2608CE7800A8DFE0 /* kentekenDataTableViewController.swift in Sources */ = {isa = PBXBuildFile; fileRef = A9621ACB2608CE7800A8DFE0 /* kentekenDataTableViewController.swift */; };
		A965019226498A4D0067DE62 /* GoogleService-Info.plist in Resources */ = {isa = PBXBuildFile; fileRef = A965019126498A4D0067DE62 /* GoogleService-Info.plist */; };
		A96BEE7126690F7D00EF86A0 /* PendingNotificationTableViewController.swift in Sources */ = {isa = PBXBuildFile; fileRef = A96BEE7026690F7D00EF86A0 /* PendingNotificationTableViewController.swift */; };
		A97624242611EBBE00565703 /* RemoteConfigDefaults.plist in Resources */ = {isa = PBXBuildFile; fileRef = A97624232611EBBE00565703 /* RemoteConfigDefaults.plist */; };
		A97624292612109800565703 /* notification.swift in Sources */ = {isa = PBXBuildFile; fileRef = A97624282612109800565703 /* notification.swift */; };
		A9A1406D260B4EB800571D1C /* CameraViewController.swift in Sources */ = {isa = PBXBuildFile; fileRef = A9A14069260B4EB800571D1C /* CameraViewController.swift */; };
		A9A1406E260B4EB800571D1C /* StringUtils.swift in Sources */ = {isa = PBXBuildFile; fileRef = A9A1406A260B4EB800571D1C /* StringUtils.swift */; };
		A9A1406F260B4EB800571D1C /* PreviewView.swift in Sources */ = {isa = PBXBuildFile; fileRef = A9A1406B260B4EB800571D1C /* PreviewView.swift */; };
		A9A14070260B4EB800571D1C /* VisionViewController.swift in Sources */ = {isa = PBXBuildFile; fileRef = A9A1406C260B4EB800571D1C /* VisionViewController.swift */; };
		A9A1408B260B50B700571D1C /* VisionViewController.storyboard in Resources */ = {isa = PBXBuildFile; fileRef = A9A14089260B50B700571D1C /* VisionViewController.storyboard */; };
		A9D3BC3A266F49CA0035C34C /* StoreKit.framework in Frameworks */ = {isa = PBXBuildFile; fileRef = A9D3BC39266F49CA0035C34C /* StoreKit.framework */; };
		A9D3BC3C266F51B50035C34C /* IAP_ProductIDs.plist in Resources */ = {isa = PBXBuildFile; fileRef = A9D3BC3B266F51B50035C34C /* IAP_ProductIDs.plist */; };
		A9D3BC3E266F51F10035C34C /* IAPManager.swift in Sources */ = {isa = PBXBuildFile; fileRef = A9D3BC3D266F51F10035C34C /* IAPManager.swift */; };
		A9D3BC40266F5EC10035C34C /* model.swift in Sources */ = {isa = PBXBuildFile; fileRef = A9D3BC3F266F5EC10035C34C /* model.swift */; };
		A9D3BC42266F5F180035C34C /* SettingsManageable.swift in Sources */ = {isa = PBXBuildFile; fileRef = A9D3BC41266F5F180035C34C /* SettingsManageable.swift */; };
		A9D3BC44266F5F510035C34C /* viewModel.swift in Sources */ = {isa = PBXBuildFile; fileRef = A9D3BC43266F5F510035C34C /* viewModel.swift */; };
		A9EFFF6C2654FF55002A4B9F /* AppTrackingTransparency.framework in Frameworks */ = {isa = PBXBuildFile; fileRef = A9EFFF6B2654FF55002A4B9F /* AppTrackingTransparency.framework */; };
/* End PBXBuildFile section */

/* Begin PBXContainerItemProxy section */
		A93E03BE25FF97EA0013F8FE /* PBXContainerItemProxy */ = {
			isa = PBXContainerItemProxy;
			containerPortal = A93E039F25FF97E90013F8FE /* Project object */;
			proxyType = 1;
			remoteGlobalIDString = A93E03A625FF97E90013F8FE;
			remoteInfo = "Kenteken Scanner";
		};
		A93E03C925FF97EA0013F8FE /* PBXContainerItemProxy */ = {
			isa = PBXContainerItemProxy;
			containerPortal = A93E039F25FF97E90013F8FE /* Project object */;
			proxyType = 1;
			remoteGlobalIDString = A93E03A625FF97E90013F8FE;
			remoteInfo = "Kenteken Scanner";
		};
/* End PBXContainerItemProxy section */

/* Begin PBXCopyFilesBuildPhase section */
		A909AB9626EE9C1E00732E56 /* Embed App Clips */ = {
			isa = PBXCopyFilesBuildPhase;
			buildActionMask = 2147483647;
			dstPath = "$(CONTENTS_FOLDER_PATH)/AppClips";
			dstSubfolderSpec = 16;
			files = (
			);
			name = "Embed App Clips";
			runOnlyForDeploymentPostprocessing = 0;
		};
/* End PBXCopyFilesBuildPhase section */

/* Begin PBXFileReference section */
		091A7E6E2C611B930F9DFEBB /* Pods_Kenteken_Scanner_Kenteken_ScannerUITests.framework */ = {isa = PBXFileReference; explicitFileType = wrapper.framework; includeInIndex = 0; path = Pods_Kenteken_Scanner_Kenteken_ScannerUITests.framework; sourceTree = BUILT_PRODUCTS_DIR; };
		38204EE43252B5D76DE21A7E /* Pods-Kenteken Scanner-Kenteken ScannerUITests.debug.xcconfig */ = {isa = PBXFileReference; includeInIndex = 1; lastKnownFileType = text.xcconfig; name = "Pods-Kenteken Scanner-Kenteken ScannerUITests.debug.xcconfig"; path = "Target Support Files/Pods-Kenteken Scanner-Kenteken ScannerUITests/Pods-Kenteken Scanner-Kenteken ScannerUITests.debug.xcconfig"; sourceTree = "<group>"; };
		62FD4A949184D129425F86DA /* Pods-Kenteken Scanner.debug.xcconfig */ = {isa = PBXFileReference; includeInIndex = 1; lastKnownFileType = text.xcconfig; name = "Pods-Kenteken Scanner.debug.xcconfig"; path = "Target Support Files/Pods-Kenteken Scanner/Pods-Kenteken Scanner.debug.xcconfig"; sourceTree = "<group>"; };
		7C7063421E6A5DDA6AB572FF /* Pods-Kenteken ScannerTests.release.xcconfig */ = {isa = PBXFileReference; includeInIndex = 1; lastKnownFileType = text.xcconfig; name = "Pods-Kenteken ScannerTests.release.xcconfig"; path = "Target Support Files/Pods-Kenteken ScannerTests/Pods-Kenteken ScannerTests.release.xcconfig"; sourceTree = "<group>"; };
		7DA15F59AF61C03555444160 /* Pods_Kenteken_ScannerTests.framework */ = {isa = PBXFileReference; explicitFileType = wrapper.framework; includeInIndex = 0; path = Pods_Kenteken_ScannerTests.framework; sourceTree = BUILT_PRODUCTS_DIR; };
		85CEBFD413479C1B68E529CC /* Pods-Kenteken Scanner.release.xcconfig */ = {isa = PBXFileReference; includeInIndex = 1; lastKnownFileType = text.xcconfig; name = "Pods-Kenteken Scanner.release.xcconfig"; path = "Target Support Files/Pods-Kenteken Scanner/Pods-Kenteken Scanner.release.xcconfig"; sourceTree = "<group>"; };
		A4B91E2AE16768A0E10083C8 /* Pods_Kenteken_Scanner.framework */ = {isa = PBXFileReference; explicitFileType = wrapper.framework; includeInIndex = 0; path = Pods_Kenteken_Scanner.framework; sourceTree = BUILT_PRODUCTS_DIR; };
		A909AB7626EE98E200732E56 /* Intents.framework */ = {isa = PBXFileReference; lastKnownFileType = wrapper.framework; name = Intents.framework; path = System/Library/Frameworks/Intents.framework; sourceTree = SDKROOT; };
		A909AB7726EE98E200732E56 /* IntentsUI.framework */ = {isa = PBXFileReference; lastKnownFileType = wrapper.framework; name = IntentsUI.framework; path = System/Library/Frameworks/IntentsUI.framework; sourceTree = SDKROOT; };
		A910897E26D180A30040768C /* Kenteken Scanner.entitlements */ = {isa = PBXFileReference; lastKnownFileType = text.plist.entitlements; path = "Kenteken Scanner.entitlements"; sourceTree = "<group>"; };
		A93222412B511E5D00A2E4F4 /* AnalyticsManager.swift */ = {isa = PBXFileReference; lastKnownFileType = sourcecode.swift; path = AnalyticsManager.swift; sourceTree = "<group>"; };
		A93E03A725FF97E90013F8FE /* Kenteken Scanner.app */ = {isa = PBXFileReference; explicitFileType = wrapper.application; includeInIndex = 0; path = "Kenteken Scanner.app"; sourceTree = BUILT_PRODUCTS_DIR; };
		A93E03AA25FF97E90013F8FE /* AppDelegate.swift */ = {isa = PBXFileReference; lastKnownFileType = sourcecode.swift; path = AppDelegate.swift; sourceTree = "<group>"; };
		A93E03AC25FF97E90013F8FE /* SceneDelegate.swift */ = {isa = PBXFileReference; lastKnownFileType = sourcecode.swift; path = SceneDelegate.swift; sourceTree = "<group>"; };
		A93E03AE25FF97E90013F8FE /* ViewController.swift */ = {isa = PBXFileReference; lastKnownFileType = sourcecode.swift; path = ViewController.swift; sourceTree = "<group>"; };
		A93E03B125FF97E90013F8FE /* Base */ = {isa = PBXFileReference; lastKnownFileType = file.storyboard; name = Base; path = Base.lproj/Main.storyboard; sourceTree = "<group>"; };
		A93E03B325FF97E90013F8FE /* Assets.xcassets */ = {isa = PBXFileReference; lastKnownFileType = folder.assetcatalog; path = Assets.xcassets; sourceTree = "<group>"; };
		A93E03B625FF97E90013F8FE /* Base */ = {isa = PBXFileReference; lastKnownFileType = file.storyboard; name = Base; path = Base.lproj/LaunchScreen.storyboard; sourceTree = "<group>"; };
		A93E03B825FF97E90013F8FE /* Info.plist */ = {isa = PBXFileReference; lastKnownFileType = text.plist.xml; path = Info.plist; sourceTree = "<group>"; };
		A93E03BD25FF97EA0013F8FE /* Kenteken ScannerTests.xctest */ = {isa = PBXFileReference; explicitFileType = wrapper.cfbundle; includeInIndex = 0; path = "Kenteken ScannerTests.xctest"; sourceTree = BUILT_PRODUCTS_DIR; };
		A93E03C825FF97EA0013F8FE /* Kenteken ScannerUITests.xctest */ = {isa = PBXFileReference; explicitFileType = wrapper.cfbundle; includeInIndex = 0; path = "Kenteken ScannerUITests.xctest"; sourceTree = BUILT_PRODUCTS_DIR; };
		A94ABADB2B3C2A9100F959DB /* APIManager.swift */ = {isa = PBXFileReference; lastKnownFileType = sourcecode.swift; path = APIManager.swift; sourceTree = "<group>"; };
		A94ABADD2B3C2AD000F959DB /* models.swift */ = {isa = PBXFileReference; lastKnownFileType = sourcecode.swift; path = models.swift; sourceTree = "<group>"; };
		A94ABAE02B3C2D3900F959DB /* CustomBottomSheetViewController.swift */ = {isa = PBXFileReference; lastKnownFileType = sourcecode.swift; path = CustomBottomSheetViewController.swift; sourceTree = "<group>"; };
		A957296728574EFA0097BAB5 /* ImagePicker.swift */ = {isa = PBXFileReference; lastKnownFileType = sourcecode.swift; path = ImagePicker.swift; sourceTree = "<group>"; };
		A95729692857547D0097BAB5 /* ImageUploader.swift */ = {isa = PBXFileReference; lastKnownFileType = sourcecode.swift; path = ImageUploader.swift; sourceTree = "<group>"; };
		A957296B285755310097BAB5 /* ResponseResult.swift */ = {isa = PBXFileReference; lastKnownFileType = sourcecode.swift; path = ResponseResult.swift; sourceTree = "<group>"; };
		A9621AB22608C1EB00A8DFE0 /* storageHelper.swift */ = {isa = PBXFileReference; lastKnownFileType = sourcecode.swift; path = storageHelper.swift; sourceTree = "<group>"; };
		A9621AB72608C1FA00A8DFE0 /* analyticsHelper.swift */ = {isa = PBXFileReference; lastKnownFileType = sourcecode.swift; path = analyticsHelper.swift; sourceTree = "<group>"; };
		A9621ABC2608C30E00A8DFE0 /* storageTypeEnum.swift */ = {isa = PBXFileReference; lastKnownFileType = sourcecode.swift; path = storageTypeEnum.swift; sourceTree = "<group>"; };
		A9621AC62608C8B300A8DFE0 /* kentekenFactory.swift */ = {isa = PBXFileReference; lastKnownFileType = sourcecode.swift; path = kentekenFactory.swift; sourceTree = "<group>"; };
		A9621ACB2608CE7800A8DFE0 /* kentekenDataTableViewController.swift */ = {isa = PBXFileReference; lastKnownFileType = sourcecode.swift; path = kentekenDataTableViewController.swift; sourceTree = "<group>"; };
		A965019126498A4D0067DE62 /* GoogleService-Info.plist */ = {isa = PBXFileReference; lastKnownFileType = text.plist; path = "GoogleService-Info.plist"; sourceTree = SOURCE_ROOT; };
		A96BEE7026690F7D00EF86A0 /* PendingNotificationTableViewController.swift */ = {isa = PBXFileReference; lastKnownFileType = sourcecode.swift; path = PendingNotificationTableViewController.swift; sourceTree = "<group>"; };
		A97624232611EBBE00565703 /* RemoteConfigDefaults.plist */ = {isa = PBXFileReference; lastKnownFileType = text.plist.xml; path = RemoteConfigDefaults.plist; sourceTree = "<group>"; };
		A97624282612109800565703 /* notification.swift */ = {isa = PBXFileReference; lastKnownFileType = sourcecode.swift; path = notification.swift; sourceTree = "<group>"; };
		A992BD1026676B7D00AD2CE8 /* Kenteken ScannerRelease.entitlements */ = {isa = PBXFileReference; lastKnownFileType = text.plist.entitlements; path = "Kenteken ScannerRelease.entitlements"; sourceTree = "<group>"; };
		A9A14069260B4EB800571D1C /* CameraViewController.swift */ = {isa = PBXFileReference; fileEncoding = 4; lastKnownFileType = sourcecode.swift; path = CameraViewController.swift; sourceTree = "<group>"; };
		A9A1406A260B4EB800571D1C /* StringUtils.swift */ = {isa = PBXFileReference; fileEncoding = 4; lastKnownFileType = sourcecode.swift; path = StringUtils.swift; sourceTree = "<group>"; };
		A9A1406B260B4EB800571D1C /* PreviewView.swift */ = {isa = PBXFileReference; fileEncoding = 4; lastKnownFileType = sourcecode.swift; path = PreviewView.swift; sourceTree = "<group>"; };
		A9A1406C260B4EB800571D1C /* VisionViewController.swift */ = {isa = PBXFileReference; fileEncoding = 4; lastKnownFileType = sourcecode.swift; path = VisionViewController.swift; sourceTree = "<group>"; };
		A9A1408A260B50B700571D1C /* Base */ = {isa = PBXFileReference; lastKnownFileType = file.storyboard; name = Base; path = Base.lproj/VisionViewController.storyboard; sourceTree = "<group>"; };
		A9D3BC39266F49CA0035C34C /* StoreKit.framework */ = {isa = PBXFileReference; lastKnownFileType = wrapper.framework; name = StoreKit.framework; path = System/Library/Frameworks/StoreKit.framework; sourceTree = SDKROOT; };
		A9D3BC3B266F51B50035C34C /* IAP_ProductIDs.plist */ = {isa = PBXFileReference; lastKnownFileType = text.plist.xml; path = IAP_ProductIDs.plist; sourceTree = "<group>"; };
		A9D3BC3D266F51F10035C34C /* IAPManager.swift */ = {isa = PBXFileReference; lastKnownFileType = sourcecode.swift; path = IAPManager.swift; sourceTree = "<group>"; };
		A9D3BC3F266F5EC10035C34C /* model.swift */ = {isa = PBXFileReference; lastKnownFileType = sourcecode.swift; path = model.swift; sourceTree = "<group>"; };
		A9D3BC41266F5F180035C34C /* SettingsManageable.swift */ = {isa = PBXFileReference; lastKnownFileType = sourcecode.swift; path = SettingsManageable.swift; sourceTree = "<group>"; };
		A9D3BC43266F5F510035C34C /* viewModel.swift */ = {isa = PBXFileReference; lastKnownFileType = sourcecode.swift; path = viewModel.swift; sourceTree = "<group>"; };
		A9EFFF6B2654FF55002A4B9F /* AppTrackingTransparency.framework */ = {isa = PBXFileReference; lastKnownFileType = wrapper.framework; name = AppTrackingTransparency.framework; path = System/Library/Frameworks/AppTrackingTransparency.framework; sourceTree = SDKROOT; };
		A9EFFF6D2655375F002A4B9F /* nl */ = {isa = PBXFileReference; lastKnownFileType = text.plist.strings; name = nl; path = nl.lproj/Main.strings; sourceTree = "<group>"; };
		A9EFFF6E2655375F002A4B9F /* nl */ = {isa = PBXFileReference; lastKnownFileType = text.plist.strings; name = nl; path = nl.lproj/VisionViewController.strings; sourceTree = "<group>"; };
		A9EFFF6F2655375F002A4B9F /* nl */ = {isa = PBXFileReference; lastKnownFileType = text.plist.strings; name = nl; path = nl.lproj/LaunchScreen.strings; sourceTree = "<group>"; };
		DD5149D452FC3C01D92AF59D /* Pods-Kenteken ScannerTests.debug.xcconfig */ = {isa = PBXFileReference; includeInIndex = 1; lastKnownFileType = text.xcconfig; name = "Pods-Kenteken ScannerTests.debug.xcconfig"; path = "Target Support Files/Pods-Kenteken ScannerTests/Pods-Kenteken ScannerTests.debug.xcconfig"; sourceTree = "<group>"; };
		ECCA27C93B2A53723E2B2C3F /* Pods-Kenteken Scanner-Kenteken ScannerUITests.release.xcconfig */ = {isa = PBXFileReference; includeInIndex = 1; lastKnownFileType = text.xcconfig; name = "Pods-Kenteken Scanner-Kenteken ScannerUITests.release.xcconfig"; path = "Target Support Files/Pods-Kenteken Scanner-Kenteken ScannerUITests/Pods-Kenteken Scanner-Kenteken ScannerUITests.release.xcconfig"; sourceTree = "<group>"; };
/* End PBXFileReference section */

/* Begin PBXFrameworksBuildPhase section */
		A93E03A425FF97E90013F8FE /* Frameworks */ = {
			isa = PBXFrameworksBuildPhase;
			buildActionMask = 2147483647;
			files = (
				A9D3BC3A266F49CA0035C34C /* StoreKit.framework in Frameworks */,
				782D826DA705E05295F4080B /* Pods_Kenteken_Scanner.framework in Frameworks */,
				A9EFFF6C2654FF55002A4B9F /* AppTrackingTransparency.framework in Frameworks */,
			);
			runOnlyForDeploymentPostprocessing = 0;
		};
		A93E03BA25FF97EA0013F8FE /* Frameworks */ = {
			isa = PBXFrameworksBuildPhase;
			buildActionMask = 2147483647;
			files = (
				744AEE6AFEFFF2F2280C16C6 /* Pods_Kenteken_ScannerTests.framework in Frameworks */,
			);
			runOnlyForDeploymentPostprocessing = 0;
		};
		A93E03C525FF97EA0013F8FE /* Frameworks */ = {
			isa = PBXFrameworksBuildPhase;
			buildActionMask = 2147483647;
			files = (
				3524A6D48186DDBB13EB71D6 /* Pods_Kenteken_Scanner_Kenteken_ScannerUITests.framework in Frameworks */,
			);
			runOnlyForDeploymentPostprocessing = 0;
		};
/* End PBXFrameworksBuildPhase section */

/* Begin PBXGroup section */
		404D6971CCFDF3FAD3867E6C /* Pods */ = {
			isa = PBXGroup;
			children = (
				62FD4A949184D129425F86DA /* Pods-Kenteken Scanner.debug.xcconfig */,
				85CEBFD413479C1B68E529CC /* Pods-Kenteken Scanner.release.xcconfig */,
				38204EE43252B5D76DE21A7E /* Pods-Kenteken Scanner-Kenteken ScannerUITests.debug.xcconfig */,
				ECCA27C93B2A53723E2B2C3F /* Pods-Kenteken Scanner-Kenteken ScannerUITests.release.xcconfig */,
				DD5149D452FC3C01D92AF59D /* Pods-Kenteken ScannerTests.debug.xcconfig */,
				7C7063421E6A5DDA6AB572FF /* Pods-Kenteken ScannerTests.release.xcconfig */,
			);
			path = Pods;
			sourceTree = "<group>";
		};
		9A5F48F8690C0EF03E797EBF /* Frameworks */ = {
			isa = PBXGroup;
			children = (
				A909AB7626EE98E200732E56 /* Intents.framework */,
				A909AB7726EE98E200732E56 /* IntentsUI.framework */,
				A9D3BC39266F49CA0035C34C /* StoreKit.framework */,
				A9EFFF6B2654FF55002A4B9F /* AppTrackingTransparency.framework */,
				A4B91E2AE16768A0E10083C8 /* Pods_Kenteken_Scanner.framework */,
				091A7E6E2C611B930F9DFEBB /* Pods_Kenteken_Scanner_Kenteken_ScannerUITests.framework */,
				7DA15F59AF61C03555444160 /* Pods_Kenteken_ScannerTests.framework */,
			);
			name = Frameworks;
			sourceTree = "<group>";
		};
		A9064E2526257799003E71D9 /* Objects */ = {
			isa = PBXGroup;
			children = (
				A9D3BC3F266F5EC10035C34C /* model.swift */,
				A9D3BC41266F5F180035C34C /* SettingsManageable.swift */,
				A94ABADD2B3C2AD000F959DB /* models.swift */,
			);
			path = Objects;
			sourceTree = "<group>";
		};
		A93E039E25FF97E90013F8FE = {
			isa = PBXGroup;
			children = (
				A93E03A925FF97E90013F8FE /* Kenteken Scanner */,
				A93E03A825FF97E90013F8FE /* Products */,
				404D6971CCFDF3FAD3867E6C /* Pods */,
				9A5F48F8690C0EF03E797EBF /* Frameworks */,
			);
			sourceTree = "<group>";
		};
		A93E03A825FF97E90013F8FE /* Products */ = {
			isa = PBXGroup;
			children = (
				A93E03A725FF97E90013F8FE /* Kenteken Scanner.app */,
				A93E03BD25FF97EA0013F8FE /* Kenteken ScannerTests.xctest */,
				A93E03C825FF97EA0013F8FE /* Kenteken ScannerUITests.xctest */,
			);
			name = Products;
			sourceTree = "<group>";
		};
		A93E03A925FF97E90013F8FE /* Kenteken Scanner */ = {
			isa = PBXGroup;
			children = (
				A94ABADF2B3C2D2A00F959DB /* views */,
				A910897E26D180A30040768C /* Kenteken Scanner.entitlements */,
				A9D3BC3B266F51B50035C34C /* IAP_ProductIDs.plist */,
				A992BD1026676B7D00AD2CE8 /* Kenteken ScannerRelease.entitlements */,
				A9064E2526257799003E71D9 /* Objects */,
				A98AC2B0260B4BF3008B4AE0 /* Camera */,
				A98AC25E260B3A07008B4AE0 /* Storyboards */,
				A98AC25D260B39EC008B4AE0 /* CustomTypes */,
				A98AC25C260B39D7008B4AE0 /* Factories */,
				A98AC25B260B39AB008B4AE0 /* Helpers */,
				A93E03AA25FF97E90013F8FE /* AppDelegate.swift */,
				A93E03AC25FF97E90013F8FE /* SceneDelegate.swift */,
				A93E03AE25FF97E90013F8FE /* ViewController.swift */,
				A93E03B325FF97E90013F8FE /* Assets.xcassets */,
				A965019126498A4D0067DE62 /* GoogleService-Info.plist */,
				A93E03B825FF97E90013F8FE /* Info.plist */,
				A97624232611EBBE00565703 /* RemoteConfigDefaults.plist */,
			);
			path = "Kenteken Scanner";
			sourceTree = "<group>";
		};
		A94ABADF2B3C2D2A00F959DB /* views */ = {
			isa = PBXGroup;
			children = (
				A94ABAE02B3C2D3900F959DB /* CustomBottomSheetViewController.swift */,
			);
			path = views;
			sourceTree = "<group>";
		};
		A98AC25B260B39AB008B4AE0 /* Helpers */ = {
			isa = PBXGroup;
			children = (
				A9621AB22608C1EB00A8DFE0 /* storageHelper.swift */,
				A9621AB72608C1FA00A8DFE0 /* analyticsHelper.swift */,
				A9D3BC3D266F51F10035C34C /* IAPManager.swift */,
				A94ABADB2B3C2A9100F959DB /* APIManager.swift */,
				A93222412B511E5D00A2E4F4 /* AnalyticsManager.swift */,
			);
			path = Helpers;
			sourceTree = "<group>";
		};
		A98AC25C260B39D7008B4AE0 /* Factories */ = {
			isa = PBXGroup;
			children = (
				A9621AC62608C8B300A8DFE0 /* kentekenFactory.swift */,
			);
			path = Factories;
			sourceTree = "<group>";
		};
		A98AC25D260B39EC008B4AE0 /* CustomTypes */ = {
			isa = PBXGroup;
			children = (
				A9621ACB2608CE7800A8DFE0 /* kentekenDataTableViewController.swift */,
				A9621ABC2608C30E00A8DFE0 /* storageTypeEnum.swift */,
				A97624282612109800565703 /* notification.swift */,
				A96BEE7026690F7D00EF86A0 /* PendingNotificationTableViewController.swift */,
				A9D3BC43266F5F510035C34C /* viewModel.swift */,
				A957296728574EFA0097BAB5 /* ImagePicker.swift */,
				A95729692857547D0097BAB5 /* ImageUploader.swift */,
				A957296B285755310097BAB5 /* ResponseResult.swift */,
			);
			path = CustomTypes;
			sourceTree = "<group>";
		};
		A98AC25E260B3A07008B4AE0 /* Storyboards */ = {
			isa = PBXGroup;
			children = (
				A93E03B025FF97E90013F8FE /* Main.storyboard */,
				A9A14089260B50B700571D1C /* VisionViewController.storyboard */,
				A93E03B525FF97E90013F8FE /* LaunchScreen.storyboard */,
			);
			path = Storyboards;
			sourceTree = "<group>";
		};
		A98AC2B0260B4BF3008B4AE0 /* Camera */ = {
			isa = PBXGroup;
			children = (
				A9A14069260B4EB800571D1C /* CameraViewController.swift */,
				A9A1406B260B4EB800571D1C /* PreviewView.swift */,
				A9A1406A260B4EB800571D1C /* StringUtils.swift */,
				A9A1406C260B4EB800571D1C /* VisionViewController.swift */,
			);
			path = Camera;
			sourceTree = "<group>";
		};
/* End PBXGroup section */

/* Begin PBXNativeTarget section */
		A93E03A625FF97E90013F8FE /* Kenteken Scanner */ = {
			isa = PBXNativeTarget;
			buildConfigurationList = A93E03D125FF97EA0013F8FE /* Build configuration list for PBXNativeTarget "Kenteken Scanner" */;
			buildPhases = (
				26D2409C582EDD4757D15AC2 /* [CP] Check Pods Manifest.lock */,
				A93E03A325FF97E90013F8FE /* Sources */,
				A93E03A425FF97E90013F8FE /* Frameworks */,
				A93E03A525FF97E90013F8FE /* Resources */,
				B0190FFA054D8359996806B7 /* [CP] Embed Pods Frameworks */,
				A909AB9626EE9C1E00732E56 /* Embed App Clips */,
				FFB8842C3503174E4ED2ABD0 /* [CP] Copy Pods Resources */,
			);
			buildRules = (
			);
			dependencies = (
			);
			name = "Kenteken Scanner";
			productName = "Kenteken Scanner";
			productReference = A93E03A725FF97E90013F8FE /* Kenteken Scanner.app */;
			productType = "com.apple.product-type.application";
		};
		A93E03BC25FF97EA0013F8FE /* Kenteken ScannerTests */ = {
			isa = PBXNativeTarget;
			buildConfigurationList = A93E03D425FF97EA0013F8FE /* Build configuration list for PBXNativeTarget "Kenteken ScannerTests" */;
			buildPhases = (
				3B35D8B5FB2AEAE36E817D2B /* [CP] Check Pods Manifest.lock */,
				A93E03B925FF97EA0013F8FE /* Sources */,
				A93E03BA25FF97EA0013F8FE /* Frameworks */,
				A93E03BB25FF97EA0013F8FE /* Resources */,
			);
			buildRules = (
			);
			dependencies = (
				A93E03BF25FF97EA0013F8FE /* PBXTargetDependency */,
			);
			name = "Kenteken ScannerTests";
			productName = "Kenteken ScannerTests";
			productReference = A93E03BD25FF97EA0013F8FE /* Kenteken ScannerTests.xctest */;
			productType = "com.apple.product-type.bundle.unit-test";
		};
		A93E03C725FF97EA0013F8FE /* Kenteken ScannerUITests */ = {
			isa = PBXNativeTarget;
			buildConfigurationList = A93E03D725FF97EA0013F8FE /* Build configuration list for PBXNativeTarget "Kenteken ScannerUITests" */;
			buildPhases = (
				14566E462AF79D91F9FB129F /* [CP] Check Pods Manifest.lock */,
				A93E03C425FF97EA0013F8FE /* Sources */,
				A93E03C525FF97EA0013F8FE /* Frameworks */,
				A93E03C625FF97EA0013F8FE /* Resources */,
				A8CA0391E0C0AFB4737E5CE3 /* [CP] Embed Pods Frameworks */,
				B865E36A90C4FE246D749148 /* [CP] Copy Pods Resources */,
			);
			buildRules = (
			);
			dependencies = (
				A93E03CA25FF97EA0013F8FE /* PBXTargetDependency */,
			);
			name = "Kenteken ScannerUITests";
			productName = "Kenteken ScannerUITests";
			productReference = A93E03C825FF97EA0013F8FE /* Kenteken ScannerUITests.xctest */;
			productType = "com.apple.product-type.bundle.ui-testing";
		};
/* End PBXNativeTarget section */

/* Begin PBXProject section */
		A93E039F25FF97E90013F8FE /* Project object */ = {
			isa = PBXProject;
			attributes = {
				LastSwiftUpdateCheck = 1250;
				LastUpgradeCheck = 1240;
				TargetAttributes = {
					A93E03A625FF97E90013F8FE = {
						CreatedOnToolsVersion = 12.4;
					};
					A93E03BC25FF97EA0013F8FE = {
						CreatedOnToolsVersion = 12.4;
						TestTargetID = A93E03A625FF97E90013F8FE;
					};
					A93E03C725FF97EA0013F8FE = {
						CreatedOnToolsVersion = 12.4;
						TestTargetID = A93E03A625FF97E90013F8FE;
					};
				};
			};
			buildConfigurationList = A93E03A225FF97E90013F8FE /* Build configuration list for PBXProject "Kenteken Scanner" */;
			compatibilityVersion = "Xcode 9.3";
			developmentRegion = en;
			hasScannedForEncodings = 0;
			knownRegions = (
				en,
				Base,
				nl,
			);
			mainGroup = A93E039E25FF97E90013F8FE;
			productRefGroup = A93E03A825FF97E90013F8FE /* Products */;
			projectDirPath = "";
			projectRoot = "";
			targets = (
				A93E03A625FF97E90013F8FE /* Kenteken Scanner */,
				A93E03BC25FF97EA0013F8FE /* Kenteken ScannerTests */,
				A93E03C725FF97EA0013F8FE /* Kenteken ScannerUITests */,
			);
		};
/* End PBXProject section */

/* Begin PBXResourcesBuildPhase section */
		A93E03A525FF97E90013F8FE /* Resources */ = {
			isa = PBXResourcesBuildPhase;
			buildActionMask = 2147483647;
			files = (
				A97624242611EBBE00565703 /* RemoteConfigDefaults.plist in Resources */,
				A93E03B725FF97E90013F8FE /* LaunchScreen.storyboard in Resources */,
				A9A1408B260B50B700571D1C /* VisionViewController.storyboard in Resources */,
				A93E03B425FF97E90013F8FE /* Assets.xcassets in Resources */,
				A9D3BC3C266F51B50035C34C /* IAP_ProductIDs.plist in Resources */,
				A93E03B225FF97E90013F8FE /* Main.storyboard in Resources */,
				A965019226498A4D0067DE62 /* GoogleService-Info.plist in Resources */,
			);
			runOnlyForDeploymentPostprocessing = 0;
		};
		A93E03BB25FF97EA0013F8FE /* Resources */ = {
			isa = PBXResourcesBuildPhase;
			buildActionMask = 2147483647;
			files = (
			);
			runOnlyForDeploymentPostprocessing = 0;
		};
		A93E03C625FF97EA0013F8FE /* Resources */ = {
			isa = PBXResourcesBuildPhase;
			buildActionMask = 2147483647;
			files = (
			);
			runOnlyForDeploymentPostprocessing = 0;
		};
/* End PBXResourcesBuildPhase section */

/* Begin PBXShellScriptBuildPhase section */
		14566E462AF79D91F9FB129F /* [CP] Check Pods Manifest.lock */ = {
			isa = PBXShellScriptBuildPhase;
			buildActionMask = 2147483647;
			files = (
			);
			inputFileListPaths = (
			);
			inputPaths = (
				"${PODS_PODFILE_DIR_PATH}/Podfile.lock",
				"${PODS_ROOT}/Manifest.lock",
			);
			name = "[CP] Check Pods Manifest.lock";
			outputFileListPaths = (
			);
			outputPaths = (
				"$(DERIVED_FILE_DIR)/Pods-Kenteken Scanner-Kenteken ScannerUITests-checkManifestLockResult.txt",
			);
			runOnlyForDeploymentPostprocessing = 0;
			shellPath = /bin/sh;
			shellScript = "diff \"${PODS_PODFILE_DIR_PATH}/Podfile.lock\" \"${PODS_ROOT}/Manifest.lock\" > /dev/null\nif [ $? != 0 ] ; then\n    # print error to STDERR\n    echo \"error: The sandbox is not in sync with the Podfile.lock. Run 'pod install' or update your CocoaPods installation.\" >&2\n    exit 1\nfi\n# This output is used by Xcode 'outputs' to avoid re-running this script phase.\necho \"SUCCESS\" > \"${SCRIPT_OUTPUT_FILE_0}\"\n";
			showEnvVarsInLog = 0;
		};
		26D2409C582EDD4757D15AC2 /* [CP] Check Pods Manifest.lock */ = {
			isa = PBXShellScriptBuildPhase;
			buildActionMask = 2147483647;
			files = (
			);
			inputFileListPaths = (
			);
			inputPaths = (
				"${PODS_PODFILE_DIR_PATH}/Podfile.lock",
				"${PODS_ROOT}/Manifest.lock",
			);
			name = "[CP] Check Pods Manifest.lock";
			outputFileListPaths = (
			);
			outputPaths = (
				"$(DERIVED_FILE_DIR)/Pods-Kenteken Scanner-checkManifestLockResult.txt",
			);
			runOnlyForDeploymentPostprocessing = 0;
			shellPath = /bin/sh;
			shellScript = "diff \"${PODS_PODFILE_DIR_PATH}/Podfile.lock\" \"${PODS_ROOT}/Manifest.lock\" > /dev/null\nif [ $? != 0 ] ; then\n    # print error to STDERR\n    echo \"error: The sandbox is not in sync with the Podfile.lock. Run 'pod install' or update your CocoaPods installation.\" >&2\n    exit 1\nfi\n# This output is used by Xcode 'outputs' to avoid re-running this script phase.\necho \"SUCCESS\" > \"${SCRIPT_OUTPUT_FILE_0}\"\n";
			showEnvVarsInLog = 0;
		};
		3B35D8B5FB2AEAE36E817D2B /* [CP] Check Pods Manifest.lock */ = {
			isa = PBXShellScriptBuildPhase;
			buildActionMask = 2147483647;
			files = (
			);
			inputFileListPaths = (
			);
			inputPaths = (
				"${PODS_PODFILE_DIR_PATH}/Podfile.lock",
				"${PODS_ROOT}/Manifest.lock",
			);
			name = "[CP] Check Pods Manifest.lock";
			outputFileListPaths = (
			);
			outputPaths = (
				"$(DERIVED_FILE_DIR)/Pods-Kenteken ScannerTests-checkManifestLockResult.txt",
			);
			runOnlyForDeploymentPostprocessing = 0;
			shellPath = /bin/sh;
			shellScript = "diff \"${PODS_PODFILE_DIR_PATH}/Podfile.lock\" \"${PODS_ROOT}/Manifest.lock\" > /dev/null\nif [ $? != 0 ] ; then\n    # print error to STDERR\n    echo \"error: The sandbox is not in sync with the Podfile.lock. Run 'pod install' or update your CocoaPods installation.\" >&2\n    exit 1\nfi\n# This output is used by Xcode 'outputs' to avoid re-running this script phase.\necho \"SUCCESS\" > \"${SCRIPT_OUTPUT_FILE_0}\"\n";
			showEnvVarsInLog = 0;
		};
		A8CA0391E0C0AFB4737E5CE3 /* [CP] Embed Pods Frameworks */ = {
			isa = PBXShellScriptBuildPhase;
			buildActionMask = 2147483647;
			files = (
			);
			inputFileListPaths = (
				"${PODS_ROOT}/Target Support Files/Pods-Kenteken Scanner-Kenteken ScannerUITests/Pods-Kenteken Scanner-Kenteken ScannerUITests-frameworks-${CONFIGURATION}-input-files.xcfilelist",
			);
			name = "[CP] Embed Pods Frameworks";
			outputFileListPaths = (
				"${PODS_ROOT}/Target Support Files/Pods-Kenteken Scanner-Kenteken ScannerUITests/Pods-Kenteken Scanner-Kenteken ScannerUITests-frameworks-${CONFIGURATION}-output-files.xcfilelist",
			);
			runOnlyForDeploymentPostprocessing = 0;
			shellPath = /bin/sh;
			shellScript = "\"${PODS_ROOT}/Target Support Files/Pods-Kenteken Scanner-Kenteken ScannerUITests/Pods-Kenteken Scanner-Kenteken ScannerUITests-frameworks.sh\"\n";
			showEnvVarsInLog = 0;
		};
		B0190FFA054D8359996806B7 /* [CP] Embed Pods Frameworks */ = {
			isa = PBXShellScriptBuildPhase;
			buildActionMask = 2147483647;
			files = (
			);
			inputFileListPaths = (
				"${PODS_ROOT}/Target Support Files/Pods-Kenteken Scanner/Pods-Kenteken Scanner-frameworks-${CONFIGURATION}-input-files.xcfilelist",
			);
			name = "[CP] Embed Pods Frameworks";
			outputFileListPaths = (
				"${PODS_ROOT}/Target Support Files/Pods-Kenteken Scanner/Pods-Kenteken Scanner-frameworks-${CONFIGURATION}-output-files.xcfilelist",
			);
			runOnlyForDeploymentPostprocessing = 0;
			shellPath = /bin/sh;
			shellScript = "\"${PODS_ROOT}/Target Support Files/Pods-Kenteken Scanner/Pods-Kenteken Scanner-frameworks.sh\"\n";
			showEnvVarsInLog = 0;
		};
		B865E36A90C4FE246D749148 /* [CP] Copy Pods Resources */ = {
			isa = PBXShellScriptBuildPhase;
			buildActionMask = 2147483647;
			files = (
			);
			inputFileListPaths = (
				"${PODS_ROOT}/Target Support Files/Pods-Kenteken Scanner-Kenteken ScannerUITests/Pods-Kenteken Scanner-Kenteken ScannerUITests-resources-${CONFIGURATION}-input-files.xcfilelist",
			);
			name = "[CP] Copy Pods Resources";
			outputFileListPaths = (
				"${PODS_ROOT}/Target Support Files/Pods-Kenteken Scanner-Kenteken ScannerUITests/Pods-Kenteken Scanner-Kenteken ScannerUITests-resources-${CONFIGURATION}-output-files.xcfilelist",
			);
			runOnlyForDeploymentPostprocessing = 0;
			shellPath = /bin/sh;
			shellScript = "\"${PODS_ROOT}/Target Support Files/Pods-Kenteken Scanner-Kenteken ScannerUITests/Pods-Kenteken Scanner-Kenteken ScannerUITests-resources.sh\"\n";
			showEnvVarsInLog = 0;
		};
		FFB8842C3503174E4ED2ABD0 /* [CP] Copy Pods Resources */ = {
			isa = PBXShellScriptBuildPhase;
			buildActionMask = 2147483647;
			files = (
			);
			inputFileListPaths = (
				"${PODS_ROOT}/Target Support Files/Pods-Kenteken Scanner/Pods-Kenteken Scanner-resources-${CONFIGURATION}-input-files.xcfilelist",
			);
			name = "[CP] Copy Pods Resources";
			outputFileListPaths = (
				"${PODS_ROOT}/Target Support Files/Pods-Kenteken Scanner/Pods-Kenteken Scanner-resources-${CONFIGURATION}-output-files.xcfilelist",
			);
			runOnlyForDeploymentPostprocessing = 0;
			shellPath = /bin/sh;
			shellScript = "\"${PODS_ROOT}/Target Support Files/Pods-Kenteken Scanner/Pods-Kenteken Scanner-resources.sh\"\n";
			showEnvVarsInLog = 0;
		};
/* End PBXShellScriptBuildPhase section */

/* Begin PBXSourcesBuildPhase section */
		A93E03A325FF97E90013F8FE /* Sources */ = {
			isa = PBXSourcesBuildPhase;
			buildActionMask = 2147483647;
			files = (
				A9D3BC3E266F51F10035C34C /* IAPManager.swift in Sources */,
				A94ABADE2B3C2AD000F959DB /* models.swift in Sources */,
				A93E03AF25FF97E90013F8FE /* ViewController.swift in Sources */,
				A96BEE7126690F7D00EF86A0 /* PendingNotificationTableViewController.swift in Sources */,
				A9621AB32608C1EB00A8DFE0 /* storageHelper.swift in Sources */,
				A9621ACC2608CE7800A8DFE0 /* kentekenDataTableViewController.swift in Sources */,
				A9D3BC42266F5F180035C34C /* SettingsManageable.swift in Sources */,
				A957296828574EFA0097BAB5 /* ImagePicker.swift in Sources */,
				A97624292612109800565703 /* notification.swift in Sources */,
				A9A1406D260B4EB800571D1C /* CameraViewController.swift in Sources */,
				A9A1406F260B4EB800571D1C /* PreviewView.swift in Sources */,
				A9621AC72608C8B300A8DFE0 /* kentekenFactory.swift in Sources */,
				A9D3BC40266F5EC10035C34C /* model.swift in Sources */,
				A957296A2857547D0097BAB5 /* ImageUploader.swift in Sources */,
				A9A1406E260B4EB800571D1C /* StringUtils.swift in Sources */,
				A93E03AB25FF97E90013F8FE /* AppDelegate.swift in Sources */,
				A9621ABD2608C30E00A8DFE0 /* storageTypeEnum.swift in Sources */,
				A93222422B511E5D00A2E4F4 /* AnalyticsManager.swift in Sources */,
				A94ABAE12B3C2D3900F959DB /* CustomBottomSheetViewController.swift in Sources */,
				A9A14070260B4EB800571D1C /* VisionViewController.swift in Sources */,
				A9621AB82608C1FA00A8DFE0 /* analyticsHelper.swift in Sources */,
				A93E03AD25FF97E90013F8FE /* SceneDelegate.swift in Sources */,
				A957296C285755310097BAB5 /* ResponseResult.swift in Sources */,
				A9D3BC44266F5F510035C34C /* viewModel.swift in Sources */,
				A94ABADC2B3C2A9100F959DB /* APIManager.swift in Sources */,
			);
			runOnlyForDeploymentPostprocessing = 0;
		};
		A93E03B925FF97EA0013F8FE /* Sources */ = {
			isa = PBXSourcesBuildPhase;
			buildActionMask = 2147483647;
			files = (
			);
			runOnlyForDeploymentPostprocessing = 0;
		};
		A93E03C425FF97EA0013F8FE /* Sources */ = {
			isa = PBXSourcesBuildPhase;
			buildActionMask = 2147483647;
			files = (
			);
			runOnlyForDeploymentPostprocessing = 0;
		};
/* End PBXSourcesBuildPhase section */

/* Begin PBXTargetDependency section */
		A93E03BF25FF97EA0013F8FE /* PBXTargetDependency */ = {
			isa = PBXTargetDependency;
			target = A93E03A625FF97E90013F8FE /* Kenteken Scanner */;
			targetProxy = A93E03BE25FF97EA0013F8FE /* PBXContainerItemProxy */;
		};
		A93E03CA25FF97EA0013F8FE /* PBXTargetDependency */ = {
			isa = PBXTargetDependency;
			target = A93E03A625FF97E90013F8FE /* Kenteken Scanner */;
			targetProxy = A93E03C925FF97EA0013F8FE /* PBXContainerItemProxy */;
		};
/* End PBXTargetDependency section */

/* Begin PBXVariantGroup section */
		A93E03B025FF97E90013F8FE /* Main.storyboard */ = {
			isa = PBXVariantGroup;
			children = (
				A93E03B125FF97E90013F8FE /* Base */,
				A9EFFF6D2655375F002A4B9F /* nl */,
			);
			name = Main.storyboard;
			sourceTree = "<group>";
		};
		A93E03B525FF97E90013F8FE /* LaunchScreen.storyboard */ = {
			isa = PBXVariantGroup;
			children = (
				A93E03B625FF97E90013F8FE /* Base */,
				A9EFFF6F2655375F002A4B9F /* nl */,
			);
			name = LaunchScreen.storyboard;
			sourceTree = "<group>";
		};
		A9A14089260B50B700571D1C /* VisionViewController.storyboard */ = {
			isa = PBXVariantGroup;
			children = (
				A9A1408A260B50B700571D1C /* Base */,
				A9EFFF6E2655375F002A4B9F /* nl */,
			);
			name = VisionViewController.storyboard;
			sourceTree = "<group>";
		};
/* End PBXVariantGroup section */

/* Begin XCBuildConfiguration section */
		A93E03CF25FF97EA0013F8FE /* Debug */ = {
			isa = XCBuildConfiguration;
			buildSettings = {
				ALWAYS_SEARCH_USER_PATHS = NO;
				CLANG_ANALYZER_LOCALIZABILITY_NONLOCALIZED = YES;
				CLANG_ANALYZER_NONNULL = YES;
				CLANG_ANALYZER_NUMBER_OBJECT_CONVERSION = YES_AGGRESSIVE;
				CLANG_CXX_LANGUAGE_STANDARD = "gnu++14";
				CLANG_CXX_LIBRARY = "libc++";
				CLANG_ENABLE_MODULES = YES;
				CLANG_ENABLE_OBJC_ARC = YES;
				CLANG_ENABLE_OBJC_WEAK = YES;
				CLANG_WARN_BLOCK_CAPTURE_AUTORELEASING = YES;
				CLANG_WARN_BOOL_CONVERSION = YES;
				CLANG_WARN_COMMA = YES;
				CLANG_WARN_CONSTANT_CONVERSION = YES;
				CLANG_WARN_DEPRECATED_OBJC_IMPLEMENTATIONS = YES;
				CLANG_WARN_DIRECT_OBJC_ISA_USAGE = YES_ERROR;
				CLANG_WARN_DOCUMENTATION_COMMENTS = YES;
				CLANG_WARN_EMPTY_BODY = YES;
				CLANG_WARN_ENUM_CONVERSION = YES;
				CLANG_WARN_INFINITE_RECURSION = YES;
				CLANG_WARN_INT_CONVERSION = YES;
				CLANG_WARN_NON_LITERAL_NULL_CONVERSION = YES;
				CLANG_WARN_OBJC_IMPLICIT_RETAIN_SELF = YES;
				CLANG_WARN_OBJC_LITERAL_CONVERSION = YES;
				CLANG_WARN_OBJC_ROOT_CLASS = YES_ERROR;
				CLANG_WARN_QUOTED_INCLUDE_IN_FRAMEWORK_HEADER = YES;
				CLANG_WARN_RANGE_LOOP_ANALYSIS = YES;
				CLANG_WARN_STRICT_PROTOTYPES = YES;
				CLANG_WARN_SUSPICIOUS_MOVE = YES;
				CLANG_WARN_UNGUARDED_AVAILABILITY = YES_AGGRESSIVE;
				CLANG_WARN_UNREACHABLE_CODE = YES;
				CLANG_WARN__DUPLICATE_METHOD_MATCH = YES;
				COPY_PHASE_STRIP = NO;
				DEBUG_INFORMATION_FORMAT = dwarf;
				ENABLE_STRICT_OBJC_MSGSEND = YES;
				ENABLE_TESTABILITY = YES;
				GCC_C_LANGUAGE_STANDARD = gnu11;
				GCC_DYNAMIC_NO_PIC = NO;
				GCC_NO_COMMON_BLOCKS = YES;
				GCC_OPTIMIZATION_LEVEL = 0;
				GCC_PREPROCESSOR_DEFINITIONS = (
					"DEBUG=1",
					"$(inherited)",
				);
				GCC_WARN_64_TO_32_BIT_CONVERSION = YES;
				GCC_WARN_ABOUT_RETURN_TYPE = YES_ERROR;
				GCC_WARN_UNDECLARED_SELECTOR = YES;
				GCC_WARN_UNINITIALIZED_AUTOS = YES_AGGRESSIVE;
				GCC_WARN_UNUSED_FUNCTION = YES;
				GCC_WARN_UNUSED_VARIABLE = YES;
				IPHONEOS_DEPLOYMENT_TARGET = 13.0;
				MTL_ENABLE_DEBUG_INFO = INCLUDE_SOURCE;
				MTL_FAST_MATH = YES;
				ONLY_ACTIVE_ARCH = YES;
				SDKROOT = iphoneos;
				SWIFT_ACTIVE_COMPILATION_CONDITIONS = DEBUG;
				SWIFT_OPTIMIZATION_LEVEL = "-Onone";
			};
			name = Debug;
		};
		A93E03D025FF97EA0013F8FE /* Release */ = {
			isa = XCBuildConfiguration;
			buildSettings = {
				ALWAYS_SEARCH_USER_PATHS = NO;
				CLANG_ANALYZER_LOCALIZABILITY_NONLOCALIZED = YES;
				CLANG_ANALYZER_NONNULL = YES;
				CLANG_ANALYZER_NUMBER_OBJECT_CONVERSION = YES_AGGRESSIVE;
				CLANG_CXX_LANGUAGE_STANDARD = "gnu++14";
				CLANG_CXX_LIBRARY = "libc++";
				CLANG_ENABLE_MODULES = YES;
				CLANG_ENABLE_OBJC_ARC = YES;
				CLANG_ENABLE_OBJC_WEAK = YES;
				CLANG_WARN_BLOCK_CAPTURE_AUTORELEASING = YES;
				CLANG_WARN_BOOL_CONVERSION = YES;
				CLANG_WARN_COMMA = YES;
				CLANG_WARN_CONSTANT_CONVERSION = YES;
				CLANG_WARN_DEPRECATED_OBJC_IMPLEMENTATIONS = YES;
				CLANG_WARN_DIRECT_OBJC_ISA_USAGE = YES_ERROR;
				CLANG_WARN_DOCUMENTATION_COMMENTS = YES;
				CLANG_WARN_EMPTY_BODY = YES;
				CLANG_WARN_ENUM_CONVERSION = YES;
				CLANG_WARN_INFINITE_RECURSION = YES;
				CLANG_WARN_INT_CONVERSION = YES;
				CLANG_WARN_NON_LITERAL_NULL_CONVERSION = YES;
				CLANG_WARN_OBJC_IMPLICIT_RETAIN_SELF = YES;
				CLANG_WARN_OBJC_LITERAL_CONVERSION = YES;
				CLANG_WARN_OBJC_ROOT_CLASS = YES_ERROR;
				CLANG_WARN_QUOTED_INCLUDE_IN_FRAMEWORK_HEADER = YES;
				CLANG_WARN_RANGE_LOOP_ANALYSIS = YES;
				CLANG_WARN_STRICT_PROTOTYPES = YES;
				CLANG_WARN_SUSPICIOUS_MOVE = YES;
				CLANG_WARN_UNGUARDED_AVAILABILITY = YES_AGGRESSIVE;
				CLANG_WARN_UNREACHABLE_CODE = YES;
				CLANG_WARN__DUPLICATE_METHOD_MATCH = YES;
				COPY_PHASE_STRIP = NO;
				DEBUG_INFORMATION_FORMAT = "dwarf-with-dsym";
				ENABLE_NS_ASSERTIONS = NO;
				ENABLE_STRICT_OBJC_MSGSEND = YES;
				GCC_C_LANGUAGE_STANDARD = gnu11;
				GCC_NO_COMMON_BLOCKS = YES;
				GCC_WARN_64_TO_32_BIT_CONVERSION = YES;
				GCC_WARN_ABOUT_RETURN_TYPE = YES_ERROR;
				GCC_WARN_UNDECLARED_SELECTOR = YES;
				GCC_WARN_UNINITIALIZED_AUTOS = YES_AGGRESSIVE;
				GCC_WARN_UNUSED_FUNCTION = YES;
				GCC_WARN_UNUSED_VARIABLE = YES;
				IPHONEOS_DEPLOYMENT_TARGET = 13.0;
				MTL_ENABLE_DEBUG_INFO = NO;
				MTL_FAST_MATH = YES;
				SDKROOT = iphoneos;
				SWIFT_COMPILATION_MODE = wholemodule;
				SWIFT_OPTIMIZATION_LEVEL = "-O";
				VALIDATE_PRODUCT = YES;
			};
			name = Release;
		};
		A93E03D225FF97EA0013F8FE /* Debug */ = {
			isa = XCBuildConfiguration;
			baseConfigurationReference = 62FD4A949184D129425F86DA /* Pods-Kenteken Scanner.debug.xcconfig */;
			buildSettings = {
				ALWAYS_EMBED_SWIFT_STANDARD_LIBRARIES = YES;
				ASSETCATALOG_COMPILER_APPICON_NAME = AppIcon;
				ASSETCATALOG_COMPILER_GLOBAL_ACCENT_COLOR_NAME = AccentColor;
				CODE_SIGN_ENTITLEMENTS = "Kenteken Scanner/Kenteken Scanner.entitlements";
				CODE_SIGN_STYLE = Automatic;
				CURRENT_PROJECT_VERSION = 6;
				DEVELOPMENT_TEAM = 327PJMKH2C;
				INFOPLIST_FILE = "Kenteken Scanner/Info.plist";
				INFOPLIST_KEY_LSApplicationCategoryType = "public.app-category.utilities";
				IPHONEOS_DEPLOYMENT_TARGET = 13.0;
				LD_RUNPATH_SEARCH_PATHS = (
					"$(inherited)",
					"@executable_path/Frameworks",
				);
				MARKETING_VERSION = 10806;
				PRODUCT_BUNDLE_IDENTIFIER = "mennospijker.nl.Kenteken-Scanner";
				PRODUCT_NAME = "$(TARGET_NAME)";
				SWIFT_VERSION = 5.0;
				TARGETED_DEVICE_FAMILY = "1,2";
				VERSIONING_SYSTEM = "";
				VERSION_INFO_SUFFIX = N;
			};
			name = Debug;
		};
		A93E03D325FF97EA0013F8FE /* Release */ = {
			isa = XCBuildConfiguration;
			baseConfigurationReference = 85CEBFD413479C1B68E529CC /* Pods-Kenteken Scanner.release.xcconfig */;
			buildSettings = {
				ALWAYS_EMBED_SWIFT_STANDARD_LIBRARIES = YES;
				ASSETCATALOG_COMPILER_APPICON_NAME = AppIcon;
				ASSETCATALOG_COMPILER_GLOBAL_ACCENT_COLOR_NAME = AccentColor;
				CODE_SIGN_ENTITLEMENTS = "Kenteken Scanner/Kenteken ScannerRelease.entitlements";
				CODE_SIGN_STYLE = Automatic;
				CURRENT_PROJECT_VERSION = 6;
				DEVELOPMENT_TEAM = 327PJMKH2C;
				INFOPLIST_FILE = "Kenteken Scanner/Info.plist";
				INFOPLIST_KEY_LSApplicationCategoryType = "public.app-category.utilities";
				IPHONEOS_DEPLOYMENT_TARGET = 13.0;
				LD_RUNPATH_SEARCH_PATHS = (
					"$(inherited)",
					"@executable_path/Frameworks",
				);
				MARKETING_VERSION = 10806;
				PRODUCT_BUNDLE_IDENTIFIER = "mennospijker.nl.Kenteken-Scanner";
				PRODUCT_NAME = "$(TARGET_NAME)";
				SWIFT_VERSION = 5.0;
				TARGETED_DEVICE_FAMILY = "1,2";
				VERSIONING_SYSTEM = "";
				VERSION_INFO_SUFFIX = N;
			};
			name = Release;
		};
		A93E03D525FF97EA0013F8FE /* Debug */ = {
			isa = XCBuildConfiguration;
			baseConfigurationReference = DD5149D452FC3C01D92AF59D /* Pods-Kenteken ScannerTests.debug.xcconfig */;
			buildSettings = {
				ALWAYS_EMBED_SWIFT_STANDARD_LIBRARIES = YES;
				BUNDLE_LOADER = "$(TEST_HOST)";
				CODE_SIGN_STYLE = Automatic;
				DEVELOPMENT_TEAM = 8B6DL7HNJ3;
				INFOPLIST_FILE = "Kenteken ScannerTests/Info.plist";
				IPHONEOS_DEPLOYMENT_TARGET = 14.4;
				LD_RUNPATH_SEARCH_PATHS = (
					"$(inherited)",
					"@executable_path/Frameworks",
					"@loader_path/Frameworks",
				);
				PRODUCT_BUNDLE_IDENTIFIER = "mennospijker.nl.Kenteken-ScannerTests";
				PRODUCT_NAME = "$(TARGET_NAME)";
				SWIFT_VERSION = 5.0;
				TARGETED_DEVICE_FAMILY = "1,2";
				TEST_HOST = "$(BUILT_PRODUCTS_DIR)/Kenteken Scanner.app/Kenteken Scanner";
			};
			name = Debug;
		};
		A93E03D625FF97EA0013F8FE /* Release */ = {
			isa = XCBuildConfiguration;
			baseConfigurationReference = 7C7063421E6A5DDA6AB572FF /* Pods-Kenteken ScannerTests.release.xcconfig */;
			buildSettings = {
				ALWAYS_EMBED_SWIFT_STANDARD_LIBRARIES = YES;
				BUNDLE_LOADER = "$(TEST_HOST)";
				CODE_SIGN_STYLE = Automatic;
				DEVELOPMENT_TEAM = 8B6DL7HNJ3;
				INFOPLIST_FILE = "Kenteken ScannerTests/Info.plist";
				IPHONEOS_DEPLOYMENT_TARGET = 14.4;
				LD_RUNPATH_SEARCH_PATHS = (
					"$(inherited)",
					"@executable_path/Frameworks",
					"@loader_path/Frameworks",
				);
				PRODUCT_BUNDLE_IDENTIFIER = "mennospijker.nl.Kenteken-ScannerTests";
				PRODUCT_NAME = "$(TARGET_NAME)";
				SWIFT_VERSION = 5.0;
				TARGETED_DEVICE_FAMILY = "1,2";
				TEST_HOST = "$(BUILT_PRODUCTS_DIR)/Kenteken Scanner.app/Kenteken Scanner";
			};
			name = Release;
		};
		A93E03D825FF97EA0013F8FE /* Debug */ = {
			isa = XCBuildConfiguration;
			baseConfigurationReference = 38204EE43252B5D76DE21A7E /* Pods-Kenteken Scanner-Kenteken ScannerUITests.debug.xcconfig */;
			buildSettings = {
				ALWAYS_EMBED_SWIFT_STANDARD_LIBRARIES = YES;
				CODE_SIGN_STYLE = Automatic;
				DEVELOPMENT_TEAM = 8B6DL7HNJ3;
				INFOPLIST_FILE = "Kenteken ScannerUITests/Info.plist";
				LD_RUNPATH_SEARCH_PATHS = (
					"$(inherited)",
					"@executable_path/Frameworks",
					"@loader_path/Frameworks",
				);
				PRODUCT_BUNDLE_IDENTIFIER = "mennospijker.nl.Kenteken-ScannerUITests";
				PRODUCT_NAME = "$(TARGET_NAME)";
				SWIFT_VERSION = 5.0;
				TARGETED_DEVICE_FAMILY = "1,2";
				TEST_TARGET_NAME = "Kenteken Scanner";
			};
			name = Debug;
		};
		A93E03D925FF97EA0013F8FE /* Release */ = {
			isa = XCBuildConfiguration;
			baseConfigurationReference = ECCA27C93B2A53723E2B2C3F /* Pods-Kenteken Scanner-Kenteken ScannerUITests.release.xcconfig */;
			buildSettings = {
				ALWAYS_EMBED_SWIFT_STANDARD_LIBRARIES = YES;
				CODE_SIGN_STYLE = Automatic;
				DEVELOPMENT_TEAM = 8B6DL7HNJ3;
				INFOPLIST_FILE = "Kenteken ScannerUITests/Info.plist";
				LD_RUNPATH_SEARCH_PATHS = (
					"$(inherited)",
					"@executable_path/Frameworks",
					"@loader_path/Frameworks",
				);
				PRODUCT_BUNDLE_IDENTIFIER = "mennospijker.nl.Kenteken-ScannerUITests";
				PRODUCT_NAME = "$(TARGET_NAME)";
				SWIFT_VERSION = 5.0;
				TARGETED_DEVICE_FAMILY = "1,2";
				TEST_TARGET_NAME = "Kenteken Scanner";
			};
			name = Release;
		};
/* End XCBuildConfiguration section */

/* Begin XCConfigurationList section */
		A93E03A225FF97E90013F8FE /* Build configuration list for PBXProject "Kenteken Scanner" */ = {
			isa = XCConfigurationList;
			buildConfigurations = (
				A93E03CF25FF97EA0013F8FE /* Debug */,
				A93E03D025FF97EA0013F8FE /* Release */,
			);
			defaultConfigurationIsVisible = 0;
			defaultConfigurationName = Release;
		};
		A93E03D125FF97EA0013F8FE /* Build configuration list for PBXNativeTarget "Kenteken Scanner" */ = {
			isa = XCConfigurationList;
			buildConfigurations = (
				A93E03D225FF97EA0013F8FE /* Debug */,
				A93E03D325FF97EA0013F8FE /* Release */,
			);
			defaultConfigurationIsVisible = 0;
			defaultConfigurationName = Release;
		};
		A93E03D425FF97EA0013F8FE /* Build configuration list for PBXNativeTarget "Kenteken ScannerTests" */ = {
			isa = XCConfigurationList;
			buildConfigurations = (
				A93E03D525FF97EA0013F8FE /* Debug */,
				A93E03D625FF97EA0013F8FE /* Release */,
			);
			defaultConfigurationIsVisible = 0;
			defaultConfigurationName = Release;
		};
		A93E03D725FF97EA0013F8FE /* Build configuration list for PBXNativeTarget "Kenteken ScannerUITests" */ = {
			isa = XCConfigurationList;
			buildConfigurations = (
				A93E03D825FF97EA0013F8FE /* Debug */,
				A93E03D925FF97EA0013F8FE /* Release */,
			);
			defaultConfigurationIsVisible = 0;
			defaultConfigurationName = Release;
		};
/* End XCConfigurationList section */
	};
	rootObject = A93E039F25FF97E90013F8FE /* Project object */;
}
